
Microsoft Visual Studio Solution File, Format Version 12.00
# Visual Studio Version 17
VisualStudioVersion = 17.14.35821.62
MinimumVisualStudioVersion = 10.0.40219.1
Project("{FAE04EC0-301F-11D3-BF4B-00C04F79EFBC}") = "Inventory", "Inventory\Inventory.csproj", "{95E2BD6D-2FF4-4C89-87BB-E96E6D9BDEED}"
EndProject
Project("{54435603-DBB4-11D2-8724-00A0C9A8B90C}") = "SMS Setup", "SMS Setup\SMS Setup.vdproj", "{0F6A61E2-FEF4-BC14-E668-0CFC4A1547B4}"
EndProject
Global
	GlobalSection(SolutionConfigurationPlatforms) = preSolution
		Debug|Any CPU = Debug|Any CPU
		Release|Any CPU = Release|Any CPU
	EndGlobalSection
	GlobalSection(ProjectConfigurationPlatforms) = postSolution
		{95E2BD6D-2FF4-4C89-87BB-E96E6D9BDEED}.Debug|Any CPU.ActiveCfg = Debug|Any CPU
		{95E2BD6D-2FF4-4C89-87BB-E96E6D9BDEED}.Debug|Any CPU.Build.0 = Debug|Any CPU
		{95E2BD6D-2FF4-4C89-87BB-E96E6D9BDEED}.Release|Any CPU.ActiveCfg = Release|Any CPU
		{95E2BD6D-2FF4-4C89-87BB-E96E6D9BDEED}.Release|Any CPU.Build.0 = Release|Any CPU
		{0F6A61E2-FEF4-BC14-E668-0CFC4A1547B4}.Debug|Any CPU.ActiveCfg = Debug
		{0F6A61E2-FEF4-BC14-E668-0CFC4A1547B4}.Release|Any CPU.ActiveCfg = Release
	EndGlobalSection
	GlobalSection(SolutionProperties) = preSolution
		HideSolutionNode = FALSE
	EndGlobalSection
	GlobalSection(ExtensibilityGlobals) = postSolution
		SolutionGuid = {EB8FB826-7BE2-4F15-9AB0-6A8EFC1AE101}
	EndGlobalSection
EndGlobal
